
Microsoft Visual Studio Solution File, Format Version 12.00
# Visual Studio Version 17
VisualStudioVersion = 17.0.31919.166
MinimumVisualStudioVersion = 10.0.40219.1
Project("{FAE04EC0-301F-11D3-BF4B-00C04F79EFBC}") = "ContactService", "ContactService\ContactService.csproj", "{8266130A-4F3C-4970-8022-037A701D8A47}"
EndProject
Project("{FAE04EC0-301F-11D3-BF4B-00C04F79EFBC}") = "ReportService", "ReportService\ReportService.csproj", "{D29560DA-528D-4B63-AF30-8BFC6B6CC130}"
EndProject
Global
	GlobalSection(SolutionConfigurationPlatforms) = preSolution
		Debug|Any CPU = Debug|Any CPU
		Release|Any CPU = Release|Any CPU
	EndGlobalSection
	GlobalSection(ProjectConfigurationPlatforms) = postSolution
		{8266130A-4F3C-4970-8022-037A701D8A47}.Debug|Any CPU.ActiveCfg = Debug|Any CPU
		{8266130A-4F3C-4970-8022-037A701D8A47}.Debug|Any CPU.Build.0 = Debug|Any CPU
		{8266130A-4F3C-4970-8022-037A701D8A47}.Release|Any CPU.ActiveCfg = Release|Any CPU
		{8266130A-4F3C-4970-8022-037A701D8A47}.Release|Any CPU.Build.0 = Release|Any CPU
		{D29560DA-528D-4B63-AF30-8BFC6B6CC130}.Debug|Any CPU.ActiveCfg = Debug|Any CPU
		{D29560DA-528D-4B63-AF30-8BFC6B6CC130}.Debug|Any CPU.Build.0 = Debug|Any CPU
		{D29560DA-528D-4B63-AF30-8BFC6B6CC130}.Release|Any CPU.ActiveCfg = Release|Any CPU
		{D29560DA-528D-4B63-AF30-8BFC6B6CC130}.Release|Any CPU.Build.0 = Release|Any CPU
	EndGlobalSection
	GlobalSection(SolutionProperties) = preSolution
		HideSolutionNode = FALSE
	EndGlobalSection
	GlobalSection(ExtensibilityGlobals) = postSolution
		SolutionGuid = {461AD456-06A4-4F75-8AE0-FEA62FF3C3E4}
	EndGlobalSection
EndGlobal
